
Microsoft Visual Studio Solution File, Format Version 12.00
# Visual Studio 2013
VisualStudioVersion = 12.0.21005.1
MinimumVisualStudioVersion = 10.0.40219.1
Project("{FAE04EC0-301F-11D3-BF4B-00C04F79EFBC}") = "projectprototype", "projectprototype\projectprototype.csproj", "{A51CDB18-3ACF-49A6-B2DA-B11C4011914D}"
EndProject
Global
	GlobalSection(SolutionConfigurationPlatforms) = preSolution
		Debug|Any CPU = Debug|Any CPU
		Release|Any CPU = Release|Any CPU
	EndGlobalSection
	GlobalSection(ProjectConfigurationPlatforms) = postSolution
		{A51CDB18-3ACF-49A6-B2DA-B11C4011914D}.Debug|Any CPU.ActiveCfg = Debug|Any CPU
		{A51CDB18-3ACF-49A6-B2DA-B11C4011914D}.Debug|Any CPU.Build.0 = Debug|Any CPU
		{A51CDB18-3ACF-49A6-B2DA-B11C4011914D}.Release|Any CPU.ActiveCfg = Release|Any CPU
		{A51CDB18-3ACF-49A6-B2DA-B11C4011914D}.Release|Any CPU.Build.0 = Release|Any CPU
	EndGlobalSection
	GlobalSection(SolutionProperties) = preSolution
		HideSolutionNode = FALSE
	EndGlobalSection
EndGlobal
