
Microsoft Visual Studio Solution File, Format Version 11.00
# Visual Studio 2010
Project("{FAE04EC0-301F-11D3-BF4B-00C04F79EFBC}") = "string copy2", "string copy2\string copy2.csproj", "{8D28F2FB-1F20-45E2-B098-77A6B60C0919}"
EndProject
Global
	GlobalSection(SolutionConfigurationPlatforms) = preSolution
		Debug|x86 = Debug|x86
		Release|x86 = Release|x86
	EndGlobalSection
	GlobalSection(ProjectConfigurationPlatforms) = postSolution
		{8D28F2FB-1F20-45E2-B098-77A6B60C0919}.Debug|x86.ActiveCfg = Debug|x86
		{8D28F2FB-1F20-45E2-B098-77A6B60C0919}.Debug|x86.Build.0 = Debug|x86
		{8D28F2FB-1F20-45E2-B098-77A6B60C0919}.Release|x86.ActiveCfg = Release|x86
		{8D28F2FB-1F20-45E2-B098-77A6B60C0919}.Release|x86.Build.0 = Release|x86
	EndGlobalSection
	GlobalSection(SolutionProperties) = preSolution
		HideSolutionNode = FALSE
	EndGlobalSection
EndGlobal
