
Microsoft Visual Studio Solution File, Format Version 11.00
# Visual Studio 2010
Project("{FAE04EC0-301F-11D3-BF4B-00C04F79EFBC}") = "number1", "number1\number1.csproj", "{FDDF0203-ACAD-4000-ADCF-EC9FA7D794B9}"
EndProject
Global
	GlobalSection(SolutionConfigurationPlatforms) = preSolution
		Debug|x86 = Debug|x86
		Release|x86 = Release|x86
	EndGlobalSection
	GlobalSection(ProjectConfigurationPlatforms) = postSolution
		{FDDF0203-ACAD-4000-ADCF-EC9FA7D794B9}.Debug|x86.ActiveCfg = Debug|x86
		{FDDF0203-ACAD-4000-ADCF-EC9FA7D794B9}.Debug|x86.Build.0 = Debug|x86
		{FDDF0203-ACAD-4000-ADCF-EC9FA7D794B9}.Release|x86.ActiveCfg = Release|x86
		{FDDF0203-ACAD-4000-ADCF-EC9FA7D794B9}.Release|x86.Build.0 = Release|x86
	EndGlobalSection
	GlobalSection(SolutionProperties) = preSolution
		HideSolutionNode = FALSE
	EndGlobalSection
EndGlobal
