
Microsoft Visual Studio Solution File, Format Version 11.00
# Visual Studio 2010
Project("{FAE04EC0-301F-11D3-BF4B-00C04F79EFBC}") = "string_clone_practice", "string_clone_practice\string_clone_practice.csproj", "{A92C421A-21C9-4D0B-9D70-0792186C40FB}"
EndProject
Global
	GlobalSection(SolutionConfigurationPlatforms) = preSolution
		Debug|x86 = Debug|x86
		Release|x86 = Release|x86
	EndGlobalSection
	GlobalSection(ProjectConfigurationPlatforms) = postSolution
		{A92C421A-21C9-4D0B-9D70-0792186C40FB}.Debug|x86.ActiveCfg = Debug|x86
		{A92C421A-21C9-4D0B-9D70-0792186C40FB}.Debug|x86.Build.0 = Debug|x86
		{A92C421A-21C9-4D0B-9D70-0792186C40FB}.Release|x86.ActiveCfg = Release|x86
		{A92C421A-21C9-4D0B-9D70-0792186C40FB}.Release|x86.Build.0 = Release|x86
	EndGlobalSection
	GlobalSection(SolutionProperties) = preSolution
		HideSolutionNode = FALSE
	EndGlobalSection
EndGlobal
